
Microsoft Visual Studio Solution File, Format Version 12.00
# Visual Studio Version 17
VisualStudioVersion = 17.4.33213.308
MinimumVisualStudioVersion = 10.0.40219.1
Project("{9A19103F-16F7-4668-BE54-9A1E7A4F7556}") = "Expense Tracker", "Expense Tracker\Expense Tracker.csproj", "{D04959B5-F7A7-4834-B7C1-674328EF08BF}"
EndProject
Project("{2150E333-8FDC-42A3-9474-1A3956D46DE8}") = "Solution Items", "Solution Items", "{E0ABF2E9-5D03-4431-8DEF-1A13F5604563}"
	ProjectSection(SolutionItems) = preProject
		.editorconfig = .editorconfig
	EndProjectSection
EndProject
Global
	GlobalSection(SolutionConfigurationPlatforms) = preSolution
		Debug|Any CPU = Debug|Any CPU
		Release|Any CPU = Release|Any CPU
	EndGlobalSection
	GlobalSection(ProjectConfigurationPlatforms) = postSolution
		{D04959B5-F7A7-4834-B7C1-674328EF08BF}.Debug|Any CPU.ActiveCfg = Debug|Any CPU
		{D04959B5-F7A7-4834-B7C1-674328EF08BF}.Debug|Any CPU.Build.0 = Debug|Any CPU
		{D04959B5-F7A7-4834-B7C1-674328EF08BF}.Release|Any CPU.ActiveCfg = Release|Any CPU
		{D04959B5-F7A7-4834-B7C1-674328EF08BF}.Release|Any CPU.Build.0 = Release|Any CPU
	EndGlobalSection
	GlobalSection(SolutionProperties) = preSolution
		HideSolutionNode = FALSE
	EndGlobalSection
	GlobalSection(ExtensibilityGlobals) = postSolution
		SolutionGuid = {30B09283-0C56-4015-97FB-5FE97F27FB98}
	EndGlobalSection
EndGlobal
